
Microsoft Visual Studio Solution File, Format Version 12.00
# Visual Studio 14
VisualStudioVersion = 14.0.25420.1
MinimumVisualStudioVersion = 10.0.40219.1
Project("{FAE04EC0-301F-11D3-BF4B-00C04F79EFBC}") = "VSTOWordAddin2013And16", "VSTOWordAddin2013And16\VSTOWordAddin2013And16.csproj", "{11A1D6B1-3BE5-4B2B-862A-C54E20D024A6}"
EndProject
Global
	GlobalSection(SolutionConfigurationPlatforms) = preSolution
		Debug|Any CPU = Debug|Any CPU
		Release|Any CPU = Release|Any CPU
	EndGlobalSection
	GlobalSection(ProjectConfigurationPlatforms) = postSolution
		{11A1D6B1-3BE5-4B2B-862A-C54E20D024A6}.Debug|Any CPU.ActiveCfg = Debug|Any CPU
		{11A1D6B1-3BE5-4B2B-862A-C54E20D024A6}.Debug|Any CPU.Build.0 = Debug|Any CPU
		{11A1D6B1-3BE5-4B2B-862A-C54E20D024A6}.Release|Any CPU.ActiveCfg = Release|Any CPU
		{11A1D6B1-3BE5-4B2B-862A-C54E20D024A6}.Release|Any CPU.Build.0 = Release|Any CPU
	EndGlobalSection
	GlobalSection(SolutionProperties) = preSolution
		HideSolutionNode = FALSE
	EndGlobalSection
EndGlobal
